// !$*UTF8*$!
{
	archiveVersion = 1;
	classes = {
	};
	objectVersion = 55;
	objects = {

/* Begin PBXBuildFile section */
		3E08292427FDFF1800B4D877 /* FirebaseAnalytics in Frameworks */ = {isa = PBXBuildFile; productRef = 3E08292327FDFF1800B4D877 /* FirebaseAnalytics */; };
		3E08292627FDFF1800B4D877 /* FirebaseAuth in Frameworks */ = {isa = PBXBuildFile; productRef = 3E08292527FDFF1800B4D877 /* FirebaseAuth */; };
		3E08292827FDFF1800B4D877 /* FirebaseDatabase in Frameworks */ = {isa = PBXBuildFile; productRef = 3E08292727FDFF1800B4D877 /* FirebaseDatabase */; };
		3E08292A27FDFF1800B4D877 /* FirebaseFirestore in Frameworks */ = {isa = PBXBuildFile; productRef = 3E08292927FDFF1800B4D877 /* FirebaseFirestore */; };
		3E0B74C3280F511300A44D0A /* Search.swift in Sources */ = {isa = PBXBuildFile; fileRef = 3E0B74C2280F511300A44D0A /* Search.swift */; };
		3E0FEE4727F226730086C57C /* Movie.swift in Sources */ = {isa = PBXBuildFile; fileRef = 3E0FEE4627F226730086C57C /* Movie.swift */; };
		3E10428C2802F39500A18CB7 /* Validation.swift in Sources */ = {isa = PBXBuildFile; fileRef = 3E10428B2802F39500A18CB7 /* Validation.swift */; };
		3E10428E2802F3AD00A18CB7 /* Exceptions.swift in Sources */ = {isa = PBXBuildFile; fileRef = 3E10428D2802F3AD00A18CB7 /* Exceptions.swift */; };
		3E10429028031C9100A18CB7 /* AuthnticationTest.swift in Sources */ = {isa = PBXBuildFile; fileRef = 3E10428F28031C9100A18CB7 /* AuthnticationTest.swift */; };
		3E17856127F7356600D99618 /* MovieViewController.swift in Sources */ = {isa = PBXBuildFile; fileRef = 3E17856027F7356600D99618 /* MovieViewController.swift */; };
		3E18A35E27F20BE5008C73F4 /* AppDelegate.swift in Sources */ = {isa = PBXBuildFile; fileRef = 3E18A35D27F20BE5008C73F4 /* AppDelegate.swift */; };
		3E18A36027F20BE5008C73F4 /* SceneDelegate.swift in Sources */ = {isa = PBXBuildFile; fileRef = 3E18A35F27F20BE5008C73F4 /* SceneDelegate.swift */; };
		3E18A36227F20BE5008C73F4 /* SearchViewController.swift in Sources */ = {isa = PBXBuildFile; fileRef = 3E18A36127F20BE5008C73F4 /* SearchViewController.swift */; };
		3E18A36527F20BE5008C73F4 /* Main.storyboard in Resources */ = {isa = PBXBuildFile; fileRef = 3E18A36327F20BE5008C73F4 /* Main.storyboard */; };
		3E18A36827F20BE5008C73F4 /* myImdbPetApp.xcdatamodeld in Sources */ = {isa = PBXBuildFile; fileRef = 3E18A36627F20BE5008C73F4 /* myImdbPetApp.xcdatamodeld */; };
		3E18A36D27F20BEA008C73F4 /* LaunchScreen.storyboard in Resources */ = {isa = PBXBuildFile; fileRef = 3E18A36B27F20BEA008C73F4 /* LaunchScreen.storyboard */; };
		3E234DEE27FDE970007DC7DC /* SignUpViewController.swift in Sources */ = {isa = PBXBuildFile; fileRef = 3E234DED27FDE970007DC7DC /* SignUpViewController.swift */; };
		3E2A0FAD2811AD1C00FC2062 /* MovieBasic.swift in Sources */ = {isa = PBXBuildFile; fileRef = 3E2A0FAC2811AD1C00FC2062 /* MovieBasic.swift */; };
		3E4916FD28061F1E00917517 /* MoviesList.swift in Sources */ = {isa = PBXBuildFile; fileRef = 3E4916FC28061F1E00917517 /* MoviesList.swift */; };
		3E55575C27FDBE7500CEC4A7 /* GoogleService-Info.plist in Resources */ = {isa = PBXBuildFile; fileRef = 3E55575B27FDBE7500CEC4A7 /* GoogleService-Info.plist */; };
		3E643F6127F9E2FB002CB32E /* Search.storyboard in Resources */ = {isa = PBXBuildFile; fileRef = 3E643F6027F9E2FB002CB32E /* Search.storyboard */; };
		3E643F6327F9E78D002CB32E /* FavoriteLists.storyboard in Resources */ = {isa = PBXBuildFile; fileRef = 3E643F6227F9E78D002CB32E /* FavoriteLists.storyboard */; };
		3E643F6527F9EB50002CB32E /* Statistics.storyboard in Resources */ = {isa = PBXBuildFile; fileRef = 3E643F6427F9EB50002CB32E /* Statistics.storyboard */; };
		3E643F6727F9EDE2002CB32E /* Profile.storyboard in Resources */ = {isa = PBXBuildFile; fileRef = 3E643F6627F9EDE2002CB32E /* Profile.storyboard */; };
		3E646BB727F87AD5006A9ECA /* BaseTableViewCell.swift in Sources */ = {isa = PBXBuildFile; fileRef = 3E646BB627F87AD5006A9ECA /* BaseTableViewCell.swift */; };
		3E6F3962280065700074A952 /* LogInViewController.swift in Sources */ = {isa = PBXBuildFile; fileRef = 3E6F3961280065700074A952 /* LogInViewController.swift */; };
		3E6F3964280066530074A952 /* User.swift in Sources */ = {isa = PBXBuildFile; fileRef = 3E6F3963280066530074A952 /* User.swift */; };
		3E6F39672800677F0074A952 /* BaseAuthViewController.swift in Sources */ = {isa = PBXBuildFile; fileRef = 3E6F39662800677F0074A952 /* BaseAuthViewController.swift */; };
		3E7FC44B28140DD100C5868F /* MovieAdvanced.swift in Sources */ = {isa = PBXBuildFile; fileRef = 3E7FC44A28140DD100C5868F /* MovieAdvanced.swift */; };
		3E8B426F280D9EDF00BE6495 /* Kingfisher in Frameworks */ = {isa = PBXBuildFile; productRef = 3E8B426E280D9EDF00BE6495 /* Kingfisher */; };
		3EC3C9D927F626EB00442A7F /* StandartMovieCell.xib in Sources */ = {isa = PBXBuildFile; fileRef = 3EC3C9D727F626EB00442A7F /* StandartMovieCell.xib */; };
		3EC3C9DA27F626EB00442A7F /* StandartMovieCell.swift in Sources */ = {isa = PBXBuildFile; fileRef = 3EC3C9D827F626EB00442A7F /* StandartMovieCell.swift */; };
		3EC6BA9427FDAD7F00DB56DA /* AuthViewController.swift in Sources */ = {isa = PBXBuildFile; fileRef = 3EC6BA9327FDAD7F00DB56DA /* AuthViewController.swift */; };
		3EC6BA9627FDAE8B00DB56DA /* Utilities.swift in Sources */ = {isa = PBXBuildFile; fileRef = 3EC6BA9527FDAE8B00DB56DA /* Utilities.swift */; };
		3ED127692805E1830083B6DE /* BaseNetworkRequest.swift in Sources */ = {isa = PBXBuildFile; fileRef = 3ED127682805E1830083B6DE /* BaseNetworkRequest.swift */; };
		3ED48BDC2812EA270034D7DB /* ImageCacheType.swift in Sources */ = {isa = PBXBuildFile; fileRef = 3ED48BDB2812EA270034D7DB /* ImageCacheType.swift */; };
		3ED48BDE2812EAAE0034D7DB /* ImageCache.swift in Sources */ = {isa = PBXBuildFile; fileRef = 3ED48BDD2812EAAE0034D7DB /* ImageCache.swift */; };
		3ED48BE02812F9170034D7DB /* ImageLoader.swift in Sources */ = {isa = PBXBuildFile; fileRef = 3ED48BDF2812F9170034D7DB /* ImageLoader.swift */; };
		3EDC025C27FF2A95006145DA /* myImdbPetAppTests.swift in Sources */ = {isa = PBXBuildFile; fileRef = 3EDC025B27FF2A95006145DA /* myImdbPetAppTests.swift */; };
		3EDC026327FF48E8006145DA /* Constants.swift in Sources */ = {isa = PBXBuildFile; fileRef = 3EDC026227FF48E8006145DA /* Constants.swift */; };
		3EEC9FF827FC98E600B2D5B4 /* Auth.storyboard in Resources */ = {isa = PBXBuildFile; fileRef = 3EEC9FF727FC98E600B2D5B4 /* Auth.storyboard */; };
		3EF30EC3280F16D0004B5717 /* Extensions.swift in Sources */ = {isa = PBXBuildFile; fileRef = 3EF30EC2280F16D0004B5717 /* Extensions.swift */; };
/* End PBXBuildFile section */

/* Begin PBXContainerItemProxy section */
		3EDC025D27FF2A95006145DA /* PBXContainerItemProxy */ = {
			isa = PBXContainerItemProxy;
			containerPortal = 3E18A35227F20BE5008C73F4 /* Project object */;
			proxyType = 1;
			remoteGlobalIDString = 3E18A35927F20BE5008C73F4;
			remoteInfo = myImdbPetApp;
		};
/* End PBXContainerItemProxy section */

/* Begin PBXFileReference section */
		3E0B74C2280F511300A44D0A /* Search.swift */ = {isa = PBXFileReference; lastKnownFileType = sourcecode.swift; path = Search.swift; sourceTree = "<group>"; };
		3E0FEE4627F226730086C57C /* Movie.swift */ = {isa = PBXFileReference; lastKnownFileType = sourcecode.swift; path = Movie.swift; sourceTree = "<group>"; };
		3E10428B2802F39500A18CB7 /* Validation.swift */ = {isa = PBXFileReference; lastKnownFileType = sourcecode.swift; path = Validation.swift; sourceTree = "<group>"; };
		3E10428D2802F3AD00A18CB7 /* Exceptions.swift */ = {isa = PBXFileReference; lastKnownFileType = sourcecode.swift; path = Exceptions.swift; sourceTree = "<group>"; };
		3E10428F28031C9100A18CB7 /* AuthnticationTest.swift */ = {isa = PBXFileReference; lastKnownFileType = sourcecode.swift; path = AuthnticationTest.swift; sourceTree = "<group>"; };
		3E17856027F7356600D99618 /* MovieViewController.swift */ = {isa = PBXFileReference; lastKnownFileType = sourcecode.swift; name = MovieViewController.swift; path = myImdbPetApp/ViewController/MovieViewController.swift; sourceTree = SOURCE_ROOT; };
		3E18A35A27F20BE5008C73F4 /* myImdbPetApp.app */ = {isa = PBXFileReference; explicitFileType = wrapper.application; includeInIndex = 0; path = myImdbPetApp.app; sourceTree = BUILT_PRODUCTS_DIR; };
		3E18A35D27F20BE5008C73F4 /* AppDelegate.swift */ = {isa = PBXFileReference; lastKnownFileType = sourcecode.swift; path = AppDelegate.swift; sourceTree = "<group>"; };
		3E18A35F27F20BE5008C73F4 /* SceneDelegate.swift */ = {isa = PBXFileReference; lastKnownFileType = sourcecode.swift; path = SceneDelegate.swift; sourceTree = "<group>"; };
		3E18A36127F20BE5008C73F4 /* SearchViewController.swift */ = {isa = PBXFileReference; lastKnownFileType = sourcecode.swift; path = SearchViewController.swift; sourceTree = "<group>"; };
		3E18A36427F20BE5008C73F4 /* Base */ = {isa = PBXFileReference; lastKnownFileType = file.storyboard; name = Base; path = Base.lproj/Main.storyboard; sourceTree = "<group>"; };
		3E18A36727F20BE5008C73F4 /* myImdbPetApp.xcdatamodel */ = {isa = PBXFileReference; lastKnownFileType = wrapper.xcdatamodel; path = myImdbPetApp.xcdatamodel; sourceTree = "<group>"; };
		3E18A36C27F20BEA008C73F4 /* Base */ = {isa = PBXFileReference; lastKnownFileType = file.storyboard; name = Base; path = Base.lproj/LaunchScreen.storyboard; sourceTree = "<group>"; };
		3E18A36E27F20BEA008C73F4 /* Info.plist */ = {isa = PBXFileReference; lastKnownFileType = text.plist.xml; path = Info.plist; sourceTree = "<group>"; };
		3E234DED27FDE970007DC7DC /* SignUpViewController.swift */ = {isa = PBXFileReference; lastKnownFileType = sourcecode.swift; path = SignUpViewController.swift; sourceTree = "<group>"; };
		3E2A0FAC2811AD1C00FC2062 /* MovieBasic.swift */ = {isa = PBXFileReference; lastKnownFileType = sourcecode.swift; path = MovieBasic.swift; sourceTree = "<group>"; };
		3E4916FC28061F1E00917517 /* MoviesList.swift */ = {isa = PBXFileReference; lastKnownFileType = sourcecode.swift; path = MoviesList.swift; sourceTree = "<group>"; };
		3E55575B27FDBE7500CEC4A7 /* GoogleService-Info.plist */ = {isa = PBXFileReference; fileEncoding = 4; lastKnownFileType = text.plist.xml; path = "GoogleService-Info.plist"; sourceTree = "<group>"; };
		3E643F6027F9E2FB002CB32E /* Search.storyboard */ = {isa = PBXFileReference; lastKnownFileType = file.storyboard; name = Search.storyboard; path = myImdbPetApp/storyboards/Search.storyboard; sourceTree = SOURCE_ROOT; };
		3E643F6227F9E78D002CB32E /* FavoriteLists.storyboard */ = {isa = PBXFileReference; lastKnownFileType = file.storyboard; path = FavoriteLists.storyboard; sourceTree = "<group>"; };
		3E643F6427F9EB50002CB32E /* Statistics.storyboard */ = {isa = PBXFileReference; lastKnownFileType = file.storyboard; path = Statistics.storyboard; sourceTree = "<group>"; };
		3E643F6627F9EDE2002CB32E /* Profile.storyboard */ = {isa = PBXFileReference; lastKnownFileType = file.storyboard; path = Profile.storyboard; sourceTree = "<group>"; };
		3E646BB627F87AD5006A9ECA /* BaseTableViewCell.swift */ = {isa = PBXFileReference; lastKnownFileType = sourcecode.swift; path = BaseTableViewCell.swift; sourceTree = "<group>"; };
		3E6F3961280065700074A952 /* LogInViewController.swift */ = {isa = PBXFileReference; lastKnownFileType = sourcecode.swift; path = LogInViewController.swift; sourceTree = "<group>"; };
		3E6F3963280066530074A952 /* User.swift */ = {isa = PBXFileReference; lastKnownFileType = sourcecode.swift; path = User.swift; sourceTree = "<group>"; };
		3E6F39662800677F0074A952 /* BaseAuthViewController.swift */ = {isa = PBXFileReference; lastKnownFileType = sourcecode.swift; path = BaseAuthViewController.swift; sourceTree = "<group>"; };
		3E7FC44A28140DD100C5868F /* MovieAdvanced.swift */ = {isa = PBXFileReference; lastKnownFileType = sourcecode.swift; path = MovieAdvanced.swift; sourceTree = "<group>"; };
		3EC3C9D727F626EB00442A7F /* StandartMovieCell.xib */ = {isa = PBXFileReference; lastKnownFileType = file.xib; path = StandartMovieCell.xib; sourceTree = "<group>"; };
		3EC3C9D827F626EB00442A7F /* StandartMovieCell.swift */ = {isa = PBXFileReference; lastKnownFileType = sourcecode.swift; path = StandartMovieCell.swift; sourceTree = "<group>"; };
		3EC6BA9327FDAD7F00DB56DA /* AuthViewController.swift */ = {isa = PBXFileReference; lastKnownFileType = sourcecode.swift; path = AuthViewController.swift; sourceTree = "<group>"; };
		3EC6BA9527FDAE8B00DB56DA /* Utilities.swift */ = {isa = PBXFileReference; lastKnownFileType = sourcecode.swift; path = Utilities.swift; sourceTree = "<group>"; };
		3ED127682805E1830083B6DE /* BaseNetworkRequest.swift */ = {isa = PBXFileReference; lastKnownFileType = sourcecode.swift; path = BaseNetworkRequest.swift; sourceTree = "<group>"; };
		3ED48BDB2812EA270034D7DB /* ImageCacheType.swift */ = {isa = PBXFileReference; lastKnownFileType = sourcecode.swift; path = ImageCacheType.swift; sourceTree = "<group>"; };
		3ED48BDD2812EAAE0034D7DB /* ImageCache.swift */ = {isa = PBXFileReference; lastKnownFileType = sourcecode.swift; path = ImageCache.swift; sourceTree = "<group>"; };
		3ED48BDF2812F9170034D7DB /* ImageLoader.swift */ = {isa = PBXFileReference; lastKnownFileType = sourcecode.swift; path = ImageLoader.swift; sourceTree = "<group>"; };
		3EDC025927FF2A95006145DA /* myImdbPetAppTests.xctest */ = {isa = PBXFileReference; explicitFileType = wrapper.cfbundle; includeInIndex = 0; path = myImdbPetAppTests.xctest; sourceTree = BUILT_PRODUCTS_DIR; };
		3EDC025B27FF2A95006145DA /* myImdbPetAppTests.swift */ = {isa = PBXFileReference; lastKnownFileType = sourcecode.swift; path = myImdbPetAppTests.swift; sourceTree = "<group>"; };
		3EDC026227FF48E8006145DA /* Constants.swift */ = {isa = PBXFileReference; lastKnownFileType = sourcecode.swift; path = Constants.swift; sourceTree = "<group>"; };
		3EEC9FF727FC98E600B2D5B4 /* Auth.storyboard */ = {isa = PBXFileReference; lastKnownFileType = file.storyboard; path = Auth.storyboard; sourceTree = "<group>"; };
		3EF30EC2280F16D0004B5717 /* Extensions.swift */ = {isa = PBXFileReference; lastKnownFileType = sourcecode.swift; path = Extensions.swift; sourceTree = "<group>"; };
/* End PBXFileReference section */

/* Begin PBXFrameworksBuildPhase section */
		3E18A35727F20BE5008C73F4 /* Frameworks */ = {
			isa = PBXFrameworksBuildPhase;
			buildActionMask = 2147483647;
			files = (
				3E08292827FDFF1800B4D877 /* FirebaseDatabase in Frameworks */,
				3E08292A27FDFF1800B4D877 /* FirebaseFirestore in Frameworks */,
				3E08292427FDFF1800B4D877 /* FirebaseAnalytics in Frameworks */,
				3E08292627FDFF1800B4D877 /* FirebaseAuth in Frameworks */,
				3E8B426F280D9EDF00BE6495 /* Kingfisher in Frameworks */,
			);
			runOnlyForDeploymentPostprocessing = 0;
		};
		3EDC025627FF2A95006145DA /* Frameworks */ = {
			isa = PBXFrameworksBuildPhase;
			buildActionMask = 2147483647;
			files = (
			);
			runOnlyForDeploymentPostprocessing = 0;
		};
/* End PBXFrameworksBuildPhase section */

/* Begin PBXGroup section */
		3E0FEE4827F2268B0086C57C /* Model */ = {
			isa = PBXGroup;
			children = (
				3E7FC44928140D7D00C5868F /* rest */,
				3E10428D2802F3AD00A18CB7 /* Exceptions.swift */,
				3E6F3963280066530074A952 /* User.swift */,
			);
			path = Model;
			sourceTree = "<group>";
		};
		3E18A35127F20BE5008C73F4 = {
			isa = PBXGroup;
			children = (
				3E18A35C27F20BE5008C73F4 /* myImdbPetApp */,
				3EDC025A27FF2A95006145DA /* myImdbPetAppTests */,
				3E18A35B27F20BE5008C73F4 /* Products */,
			);
			sourceTree = "<group>";
		};
		3E18A35B27F20BE5008C73F4 /* Products */ = {
			isa = PBXGroup;
			children = (
				3E18A35A27F20BE5008C73F4 /* myImdbPetApp.app */,
				3EDC025927FF2A95006145DA /* myImdbPetAppTests.xctest */,
			);
			name = Products;
			sourceTree = "<group>";
		};
		3E18A35C27F20BE5008C73F4 /* myImdbPetApp */ = {
			isa = PBXGroup;
			children = (
				3E18A35D27F20BE5008C73F4 /* AppDelegate.swift */,
				3E18A35F27F20BE5008C73F4 /* SceneDelegate.swift */,
				3EC6BA9727FDAF1D00DB56DA /* Helpers */,
				3E0FEE4827F2268B0086C57C /* Model */,
				3ED127672805E1270083B6DE /* Network */,
				3EEEF35F27F469E300DE1A9D /* MovieCell */,
				3E646BB927F8B1AA006A9ECA /* ViewController */,
				3EEC9FF627FC985C00B2D5B4 /* storyboards */,
				3E55575B27FDBE7500CEC4A7 /* GoogleService-Info.plist */,
				3E18A36E27F20BEA008C73F4 /* Info.plist */,
				3E18A36627F20BE5008C73F4 /* myImdbPetApp.xcdatamodeld */,
			);
			path = myImdbPetApp;
			sourceTree = "<group>";
		};
		3E646BB927F8B1AA006A9ECA /* ViewController */ = {
			isa = PBXGroup;
			children = (
				3E18A36127F20BE5008C73F4 /* SearchViewController.swift */,
				3E17856027F7356600D99618 /* MovieViewController.swift */,
				3E6F3965280066C50074A952 /* Authentication */,
			);
			path = ViewController;
			sourceTree = "<group>";
		};
		3E6F3965280066C50074A952 /* Authentication */ = {
			isa = PBXGroup;
			children = (
				3E6F3961280065700074A952 /* LogInViewController.swift */,
				3E6F39662800677F0074A952 /* BaseAuthViewController.swift */,
				3E234DED27FDE970007DC7DC /* SignUpViewController.swift */,
				3EC6BA9327FDAD7F00DB56DA /* AuthViewController.swift */,
			);
			path = Authentication;
			sourceTree = "<group>";
		};
		3E7FC44928140D7D00C5868F /* rest */ = {
			isa = PBXGroup;
			children = (
				3E0B74C2280F511300A44D0A /* Search.swift */,
				3E7FC44A28140DD100C5868F /* MovieAdvanced.swift */,
				3E2A0FAC2811AD1C00FC2062 /* MovieBasic.swift */,
				3E4916FC28061F1E00917517 /* MoviesList.swift */,
				3E0FEE4627F226730086C57C /* Movie.swift */,
			);
			path = rest;
			sourceTree = "<group>";
		};
		3EC6BA9727FDAF1D00DB56DA /* Helpers */ = {
			isa = PBXGroup;
			children = (
				3ED48BDA2812EA0F0034D7DB /* Caching */,
				3EC6BA9527FDAE8B00DB56DA /* Utilities.swift */,
				3ED48BDF2812F9170034D7DB /* ImageLoader.swift */,
				3EF30EC2280F16D0004B5717 /* Extensions.swift */,
				3E10428B2802F39500A18CB7 /* Validation.swift */,
				3EDC026227FF48E8006145DA /* Constants.swift */,
				3E646BB627F87AD5006A9ECA /* BaseTableViewCell.swift */,
			);
			path = Helpers;
			sourceTree = "<group>";
		};
		3ED127672805E1270083B6DE /* Network */ = {
			isa = PBXGroup;
			children = (
				3ED127682805E1830083B6DE /* BaseNetworkRequest.swift */,
			);
			path = Network;
			sourceTree = "<group>";
		};
		3ED48BDA2812EA0F0034D7DB /* Caching */ = {
			isa = PBXGroup;
			children = (
				3ED48BDB2812EA270034D7DB /* ImageCacheType.swift */,
				3ED48BDD2812EAAE0034D7DB /* ImageCache.swift */,
			);
			path = Caching;
			sourceTree = "<group>";
		};
		3EDC025A27FF2A95006145DA /* myImdbPetAppTests */ = {
			isa = PBXGroup;
			children = (
				3EDC025B27FF2A95006145DA /* myImdbPetAppTests.swift */,
				3E10428F28031C9100A18CB7 /* AuthnticationTest.swift */,
			);
			path = myImdbPetAppTests;
			sourceTree = "<group>";
		};
		3EEC9FF627FC985C00B2D5B4 /* storyboards */ = {
			isa = PBXGroup;
			children = (
				3E18A36327F20BE5008C73F4 /* Main.storyboard */,
				3E643F6627F9EDE2002CB32E /* Profile.storyboard */,
				3E643F6427F9EB50002CB32E /* Statistics.storyboard */,
				3E643F6227F9E78D002CB32E /* FavoriteLists.storyboard */,
				3E643F6027F9E2FB002CB32E /* Search.storyboard */,
				3EEC9FF727FC98E600B2D5B4 /* Auth.storyboard */,
				3E18A36B27F20BEA008C73F4 /* LaunchScreen.storyboard */,
			);
			path = storyboards;
			sourceTree = "<group>";
		};
		3EEEF35F27F469E300DE1A9D /* MovieCell */ = {
			isa = PBXGroup;
			children = (
				3EC3C9D827F626EB00442A7F /* StandartMovieCell.swift */,
				3EC3C9D727F626EB00442A7F /* StandartMovieCell.xib */,
			);
			path = MovieCell;
			sourceTree = "<group>";
		};
/* End PBXGroup section */

/* Begin PBXNativeTarget section */
		3E18A35927F20BE5008C73F4 /* myImdbPetApp */ = {
			isa = PBXNativeTarget;
			buildConfigurationList = 3E18A37127F20BEA008C73F4 /* Build configuration list for PBXNativeTarget "myImdbPetApp" */;
			buildPhases = (
				3E18A35627F20BE5008C73F4 /* Sources */,
				3E18A35727F20BE5008C73F4 /* Frameworks */,
				3E18A35827F20BE5008C73F4 /* Resources */,
			);
			buildRules = (
			);
			dependencies = (
			);
			name = myImdbPetApp;
			packageProductDependencies = (
				3E08292327FDFF1800B4D877 /* FirebaseAnalytics */,
				3E08292527FDFF1800B4D877 /* FirebaseAuth */,
				3E08292727FDFF1800B4D877 /* FirebaseDatabase */,
				3E08292927FDFF1800B4D877 /* FirebaseFirestore */,
				3E8B426E280D9EDF00BE6495 /* Kingfisher */,
			);
			productName = myImdbPetApp;
			productReference = 3E18A35A27F20BE5008C73F4 /* myImdbPetApp.app */;
			productType = "com.apple.product-type.application";
		};
		3EDC025827FF2A95006145DA /* myImdbPetAppTests */ = {
			isa = PBXNativeTarget;
			buildConfigurationList = 3EDC026127FF2A95006145DA /* Build configuration list for PBXNativeTarget "myImdbPetAppTests" */;
			buildPhases = (
				3EDC025527FF2A95006145DA /* Sources */,
				3EDC025627FF2A95006145DA /* Frameworks */,
				3EDC025727FF2A95006145DA /* Resources */,
			);
			buildRules = (
			);
			dependencies = (
				3EDC025E27FF2A95006145DA /* PBXTargetDependency */,
			);
			name = myImdbPetAppTests;
			productName = myImdbPetAppTests;
			productReference = 3EDC025927FF2A95006145DA /* myImdbPetAppTests.xctest */;
			productType = "com.apple.product-type.bundle.unit-test";
		};
/* End PBXNativeTarget section */

/* Begin PBXProject section */
		3E18A35227F20BE5008C73F4 /* Project object */ = {
			isa = PBXProject;
			attributes = {
				BuildIndependentTargetsInParallel = 1;
				LastSwiftUpdateCheck = 1330;
				LastUpgradeCheck = 1330;
				TargetAttributes = {
					3E18A35927F20BE5008C73F4 = {
						CreatedOnToolsVersion = 13.3;
					};
					3EDC025827FF2A95006145DA = {
						CreatedOnToolsVersion = 13.3;
						TestTargetID = 3E18A35927F20BE5008C73F4;
					};
				};
			};
			buildConfigurationList = 3E18A35527F20BE5008C73F4 /* Build configuration list for PBXProject "myImdbPetApp" */;
			compatibilityVersion = "Xcode 13.0";
			developmentRegion = en;
			hasScannedForEncodings = 0;
			knownRegions = (
				en,
				Base,
			);
			mainGroup = 3E18A35127F20BE5008C73F4;
			packageReferences = (
				3E08292227FDFF1800B4D877 /* XCRemoteSwiftPackageReference "firebase-ios-sdk" */,
				3E8B426D280D9EDF00BE6495 /* XCRemoteSwiftPackageReference "Kingfisher" */,
			);
			productRefGroup = 3E18A35B27F20BE5008C73F4 /* Products */;
			projectDirPath = "";
			projectRoot = "";
			targets = (
				3E18A35927F20BE5008C73F4 /* myImdbPetApp */,
				3EDC025827FF2A95006145DA /* myImdbPetAppTests */,
			);
		};
/* End PBXProject section */

/* Begin PBXResourcesBuildPhase section */
		3E18A35827F20BE5008C73F4 /* Resources */ = {
			isa = PBXResourcesBuildPhase;
			buildActionMask = 2147483647;
			files = (
				3E643F6727F9EDE2002CB32E /* Profile.storyboard in Resources */,
				3E55575C27FDBE7500CEC4A7 /* GoogleService-Info.plist in Resources */,
				3E18A36D27F20BEA008C73F4 /* LaunchScreen.storyboard in Resources */,
				3E643F6127F9E2FB002CB32E /* Search.storyboard in Resources */,
				3E643F6327F9E78D002CB32E /* FavoriteLists.storyboard in Resources */,
				3E643F6527F9EB50002CB32E /* Statistics.storyboard in Resources */,
				3E18A36527F20BE5008C73F4 /* Main.storyboard in Resources */,
				3EEC9FF827FC98E600B2D5B4 /* Auth.storyboard in Resources */,
			);
			runOnlyForDeploymentPostprocessing = 0;
		};
		3EDC025727FF2A95006145DA /* Resources */ = {
			isa = PBXResourcesBuildPhase;
			buildActionMask = 2147483647;
			files = (
			);
			runOnlyForDeploymentPostprocessing = 0;
		};
/* End PBXResourcesBuildPhase section */

/* Begin PBXSourcesBuildPhase section */
		3E18A35627F20BE5008C73F4 /* Sources */ = {
			isa = PBXSourcesBuildPhase;
			buildActionMask = 2147483647;
			files = (
				3EC3C9D927F626EB00442A7F /* StandartMovieCell.xib in Sources */,
				3E10428E2802F3AD00A18CB7 /* Exceptions.swift in Sources */,
				3EC3C9DA27F626EB00442A7F /* StandartMovieCell.swift in Sources */,
				3E234DEE27FDE970007DC7DC /* SignUpViewController.swift in Sources */,
				3E6F39672800677F0074A952 /* BaseAuthViewController.swift in Sources */,
				3EC6BA9627FDAE8B00DB56DA /* Utilities.swift in Sources */,
				3EC6BA9427FDAD7F00DB56DA /* AuthViewController.swift in Sources */,
				3E18A36227F20BE5008C73F4 /* SearchViewController.swift in Sources */,
				3ED48BDC2812EA270034D7DB /* ImageCacheType.swift in Sources */,
				3E2A0FAD2811AD1C00FC2062 /* MovieBasic.swift in Sources */,
				3ED48BDE2812EAAE0034D7DB /* ImageCache.swift in Sources */,
				3E17856127F7356600D99618 /* MovieViewController.swift in Sources */,
				3ED48BE02812F9170034D7DB /* ImageLoader.swift in Sources */,
				3EDC026327FF48E8006145DA /* Constants.swift in Sources */,
				3ED127692805E1830083B6DE /* BaseNetworkRequest.swift in Sources */,
				3E0B74C3280F511300A44D0A /* Search.swift in Sources */,
				3E10428C2802F39500A18CB7 /* Validation.swift in Sources */,
				3E7FC44B28140DD100C5868F /* MovieAdvanced.swift in Sources */,
				3E6F3964280066530074A952 /* User.swift in Sources */,
				3EF30EC3280F16D0004B5717 /* Extensions.swift in Sources */,
				3E646BB727F87AD5006A9ECA /* BaseTableViewCell.swift in Sources */,
				3E18A36827F20BE5008C73F4 /* myImdbPetApp.xcdatamodeld in Sources */,
				3E6F3962280065700074A952 /* LogInViewController.swift in Sources */,
				3E18A35E27F20BE5008C73F4 /* AppDelegate.swift in Sources */,
				3E18A36027F20BE5008C73F4 /* SceneDelegate.swift in Sources */,
				3E4916FD28061F1E00917517 /* MoviesList.swift in Sources */,
				3E0FEE4727F226730086C57C /* Movie.swift in Sources */,
			);
			runOnlyForDeploymentPostprocessing = 0;
		};
		3EDC025527FF2A95006145DA /* Sources */ = {
			isa = PBXSourcesBuildPhase;
			buildActionMask = 2147483647;
			files = (
				3EDC025C27FF2A95006145DA /* myImdbPetAppTests.swift in Sources */,
				3E10429028031C9100A18CB7 /* AuthnticationTest.swift in Sources */,
			);
			runOnlyForDeploymentPostprocessing = 0;
		};
/* End PBXSourcesBuildPhase section */

/* Begin PBXTargetDependency section */
		3EDC025E27FF2A95006145DA /* PBXTargetDependency */ = {
			isa = PBXTargetDependency;
			target = 3E18A35927F20BE5008C73F4 /* myImdbPetApp */;
			targetProxy = 3EDC025D27FF2A95006145DA /* PBXContainerItemProxy */;
		};
/* End PBXTargetDependency section */

/* Begin PBXVariantGroup section */
		3E18A36327F20BE5008C73F4 /* Main.storyboard */ = {
			isa = PBXVariantGroup;
			children = (
				3E18A36427F20BE5008C73F4 /* Base */,
			);
			name = Main.storyboard;
			sourceTree = "<group>";
		};
		3E18A36B27F20BEA008C73F4 /* LaunchScreen.storyboard */ = {
			isa = PBXVariantGroup;
			children = (
				3E18A36C27F20BEA008C73F4 /* Base */,
			);
			name = LaunchScreen.storyboard;
			sourceTree = "<group>";
		};
/* End PBXVariantGroup section */

/* Begin XCBuildConfiguration section */
		3E18A36F27F20BEA008C73F4 /* Debug */ = {
			isa = XCBuildConfiguration;
			buildSettings = {
				ALWAYS_SEARCH_USER_PATHS = NO;
				CLANG_ANALYZER_NONNULL = YES;
				CLANG_ANALYZER_NUMBER_OBJECT_CONVERSION = YES_AGGRESSIVE;
				CLANG_CXX_LANGUAGE_STANDARD = "gnu++17";
				CLANG_ENABLE_MODULES = YES;
				CLANG_ENABLE_OBJC_ARC = YES;
				CLANG_ENABLE_OBJC_WEAK = YES;
				CLANG_WARN_BLOCK_CAPTURE_AUTORELEASING = YES;
				CLANG_WARN_BOOL_CONVERSION = YES;
				CLANG_WARN_COMMA = YES;
				CLANG_WARN_CONSTANT_CONVERSION = YES;
				CLANG_WARN_DEPRECATED_OBJC_IMPLEMENTATIONS = YES;
				CLANG_WARN_DIRECT_OBJC_ISA_USAGE = YES_ERROR;
				CLANG_WARN_DOCUMENTATION_COMMENTS = YES;
				CLANG_WARN_EMPTY_BODY = YES;
				CLANG_WARN_ENUM_CONVERSION = YES;
				CLANG_WARN_INFINITE_RECURSION = YES;
				CLANG_WARN_INT_CONVERSION = YES;
				CLANG_WARN_NON_LITERAL_NULL_CONVERSION = YES;
				CLANG_WARN_OBJC_IMPLICIT_RETAIN_SELF = YES;
				CLANG_WARN_OBJC_LITERAL_CONVERSION = YES;
				CLANG_WARN_OBJC_ROOT_CLASS = YES_ERROR;
				CLANG_WARN_QUOTED_INCLUDE_IN_FRAMEWORK_HEADER = YES;
				CLANG_WARN_RANGE_LOOP_ANALYSIS = YES;
				CLANG_WARN_STRICT_PROTOTYPES = YES;
				CLANG_WARN_SUSPICIOUS_MOVE = YES;
				CLANG_WARN_UNGUARDED_AVAILABILITY = YES_AGGRESSIVE;
				CLANG_WARN_UNREACHABLE_CODE = YES;
				CLANG_WARN__DUPLICATE_METHOD_MATCH = YES;
				COPY_PHASE_STRIP = NO;
				DEBUG_INFORMATION_FORMAT = dwarf;
				ENABLE_STRICT_OBJC_MSGSEND = YES;
				ENABLE_TESTABILITY = YES;
				GCC_C_LANGUAGE_STANDARD = gnu11;
				GCC_DYNAMIC_NO_PIC = NO;
				GCC_NO_COMMON_BLOCKS = YES;
				GCC_OPTIMIZATION_LEVEL = 0;
				GCC_PREPROCESSOR_DEFINITIONS = (
					"DEBUG=1",
					"$(inherited)",
				);
				GCC_WARN_64_TO_32_BIT_CONVERSION = YES;
				GCC_WARN_ABOUT_RETURN_TYPE = YES_ERROR;
				GCC_WARN_UNDECLARED_SELECTOR = YES;
				GCC_WARN_UNINITIALIZED_AUTOS = YES_AGGRESSIVE;
				GCC_WARN_UNUSED_FUNCTION = YES;
				GCC_WARN_UNUSED_VARIABLE = YES;
				IPHONEOS_DEPLOYMENT_TARGET = 15.4;
				MTL_ENABLE_DEBUG_INFO = INCLUDE_SOURCE;
				MTL_FAST_MATH = YES;
				ONLY_ACTIVE_ARCH = YES;
				SDKROOT = iphoneos;
				SWIFT_ACTIVE_COMPILATION_CONDITIONS = DEBUG;
				SWIFT_OPTIMIZATION_LEVEL = "-Onone";
			};
			name = Debug;
		};
		3E18A37027F20BEA008C73F4 /* Release */ = {
			isa = XCBuildConfiguration;
			buildSettings = {
				ALWAYS_SEARCH_USER_PATHS = NO;
				CLANG_ANALYZER_NONNULL = YES;
				CLANG_ANALYZER_NUMBER_OBJECT_CONVERSION = YES_AGGRESSIVE;
				CLANG_CXX_LANGUAGE_STANDARD = "gnu++17";
				CLANG_ENABLE_MODULES = YES;
				CLANG_ENABLE_OBJC_ARC = YES;
				CLANG_ENABLE_OBJC_WEAK = YES;
				CLANG_WARN_BLOCK_CAPTURE_AUTORELEASING = YES;
				CLANG_WARN_BOOL_CONVERSION = YES;
				CLANG_WARN_COMMA = YES;
				CLANG_WARN_CONSTANT_CONVERSION = YES;
				CLANG_WARN_DEPRECATED_OBJC_IMPLEMENTATIONS = YES;
				CLANG_WARN_DIRECT_OBJC_ISA_USAGE = YES_ERROR;
				CLANG_WARN_DOCUMENTATION_COMMENTS = YES;
				CLANG_WARN_EMPTY_BODY = YES;
				CLANG_WARN_ENUM_CONVERSION = YES;
				CLANG_WARN_INFINITE_RECURSION = YES;
				CLANG_WARN_INT_CONVERSION = YES;
				CLANG_WARN_NON_LITERAL_NULL_CONVERSION = YES;
				CLANG_WARN_OBJC_IMPLICIT_RETAIN_SELF = YES;
				CLANG_WARN_OBJC_LITERAL_CONVERSION = YES;
				CLANG_WARN_OBJC_ROOT_CLASS = YES_ERROR;
				CLANG_WARN_QUOTED_INCLUDE_IN_FRAMEWORK_HEADER = YES;
				CLANG_WARN_RANGE_LOOP_ANALYSIS = YES;
				CLANG_WARN_STRICT_PROTOTYPES = YES;
				CLANG_WARN_SUSPICIOUS_MOVE = YES;
				CLANG_WARN_UNGUARDED_AVAILABILITY = YES_AGGRESSIVE;
				CLANG_WARN_UNREACHABLE_CODE = YES;
				CLANG_WARN__DUPLICATE_METHOD_MATCH = YES;
				COPY_PHASE_STRIP = NO;
				DEBUG_INFORMATION_FORMAT = "dwarf-with-dsym";
				ENABLE_NS_ASSERTIONS = NO;
				ENABLE_STRICT_OBJC_MSGSEND = YES;
				GCC_C_LANGUAGE_STANDARD = gnu11;
				GCC_NO_COMMON_BLOCKS = YES;
				GCC_WARN_64_TO_32_BIT_CONVERSION = YES;
				GCC_WARN_ABOUT_RETURN_TYPE = YES_ERROR;
				GCC_WARN_UNDECLARED_SELECTOR = YES;
				GCC_WARN_UNINITIALIZED_AUTOS = YES_AGGRESSIVE;
				GCC_WARN_UNUSED_FUNCTION = YES;
				GCC_WARN_UNUSED_VARIABLE = YES;
				IPHONEOS_DEPLOYMENT_TARGET = 15.4;
				MTL_ENABLE_DEBUG_INFO = NO;
				MTL_FAST_MATH = YES;
				SDKROOT = iphoneos;
				SWIFT_COMPILATION_MODE = wholemodule;
				SWIFT_OPTIMIZATION_LEVEL = "-O";
				VALIDATE_PRODUCT = YES;
			};
			name = Release;
		};
		3E18A37227F20BEA008C73F4 /* Debug */ = {
			isa = XCBuildConfiguration;
			buildSettings = {
				ASSETCATALOG_COMPILER_APPICON_NAME = AppIcon;
				ASSETCATALOG_COMPILER_GLOBAL_ACCENT_COLOR_NAME = AccentColor;
				CODE_SIGN_STYLE = Automatic;
				CURRENT_PROJECT_VERSION = 1;
				DEVELOPMENT_TEAM = NY7D97XJH8;
				GENERATE_INFOPLIST_FILE = YES;
				INFOPLIST_FILE = myImdbPetApp/Info.plist;
				INFOPLIST_KEY_UIApplicationSupportsIndirectInputEvents = YES;
				INFOPLIST_KEY_UILaunchStoryboardName = LaunchScreen;
				INFOPLIST_KEY_UIMainStoryboardFile = Main;
				INFOPLIST_KEY_UISupportedInterfaceOrientations_iPad = "UIInterfaceOrientationPortrait UIInterfaceOrientationPortraitUpsideDown UIInterfaceOrientationLandscapeLeft UIInterfaceOrientationLandscapeRight";
				INFOPLIST_KEY_UISupportedInterfaceOrientations_iPhone = "UIInterfaceOrientationPortrait UIInterfaceOrientationLandscapeLeft UIInterfaceOrientationLandscapeRight";
				LD_RUNPATH_SEARCH_PATHS = (
					"$(inherited)",
					"@executable_path/Frameworks",
				);
				MARKETING_VERSION = 1.0;
				PRODUCT_BUNDLE_IDENTIFIER = easypeasyincorp.myImdbPetApp;
				PRODUCT_NAME = "$(TARGET_NAME)";
				SWIFT_EMIT_LOC_STRINGS = YES;
				SWIFT_VERSION = 5.0;
				TARGETED_DEVICE_FAMILY = "1,2";
			};
			name = Debug;
		};
		3E18A37327F20BEA008C73F4 /* Release */ = {
			isa = XCBuildConfiguration;
			buildSettings = {
				ASSETCATALOG_COMPILER_APPICON_NAME = AppIcon;
				ASSETCATALOG_COMPILER_GLOBAL_ACCENT_COLOR_NAME = AccentColor;
				CODE_SIGN_STYLE = Automatic;
				CURRENT_PROJECT_VERSION = 1;
				DEVELOPMENT_TEAM = NY7D97XJH8;
				GENERATE_INFOPLIST_FILE = YES;
				INFOPLIST_FILE = myImdbPetApp/Info.plist;
				INFOPLIST_KEY_UIApplicationSupportsIndirectInputEvents = YES;
				INFOPLIST_KEY_UILaunchStoryboardName = LaunchScreen;
				INFOPLIST_KEY_UIMainStoryboardFile = Main;
				INFOPLIST_KEY_UISupportedInterfaceOrientations_iPad = "UIInterfaceOrientationPortrait UIInterfaceOrientationPortraitUpsideDown UIInterfaceOrientationLandscapeLeft UIInterfaceOrientationLandscapeRight";
				INFOPLIST_KEY_UISupportedInterfaceOrientations_iPhone = "UIInterfaceOrientationPortrait UIInterfaceOrientationLandscapeLeft UIInterfaceOrientationLandscapeRight";
				LD_RUNPATH_SEARCH_PATHS = (
					"$(inherited)",
					"@executable_path/Frameworks",
				);
				MARKETING_VERSION = 1.0;
				PRODUCT_BUNDLE_IDENTIFIER = easypeasyincorp.myImdbPetApp;
				PRODUCT_NAME = "$(TARGET_NAME)";
				SWIFT_EMIT_LOC_STRINGS = YES;
				SWIFT_VERSION = 5.0;
				TARGETED_DEVICE_FAMILY = "1,2";
			};
			name = Release;
		};
		3EDC025F27FF2A95006145DA /* Debug */ = {
			isa = XCBuildConfiguration;
			buildSettings = {
				BUNDLE_LOADER = "$(TEST_HOST)";
				CODE_SIGN_STYLE = Automatic;
				CURRENT_PROJECT_VERSION = 1;
				GENERATE_INFOPLIST_FILE = YES;
				MARKETING_VERSION = 1.0;
				PRODUCT_BUNDLE_IDENTIFIER = easypeasyincorp.myImdbPetAppTests;
				PRODUCT_NAME = "$(TARGET_NAME)";
				SWIFT_EMIT_LOC_STRINGS = NO;
				SWIFT_VERSION = 5.0;
				TARGETED_DEVICE_FAMILY = "1,2";
				TEST_HOST = "$(BUILT_PRODUCTS_DIR)/myImdbPetApp.app/myImdbPetApp";
			};
			name = Debug;
		};
		3EDC026027FF2A95006145DA /* Release */ = {
			isa = XCBuildConfiguration;
			buildSettings = {
				BUNDLE_LOADER = "$(TEST_HOST)";
				CODE_SIGN_STYLE = Automatic;
				CURRENT_PROJECT_VERSION = 1;
				GENERATE_INFOPLIST_FILE = YES;
				MARKETING_VERSION = 1.0;
				PRODUCT_BUNDLE_IDENTIFIER = easypeasyincorp.myImdbPetAppTests;
				PRODUCT_NAME = "$(TARGET_NAME)";
				SWIFT_EMIT_LOC_STRINGS = NO;
				SWIFT_VERSION = 5.0;
				TARGETED_DEVICE_FAMILY = "1,2";
				TEST_HOST = "$(BUILT_PRODUCTS_DIR)/myImdbPetApp.app/myImdbPetApp";
			};
			name = Release;
		};
/* End XCBuildConfiguration section */

/* Begin XCConfigurationList section */
		3E18A35527F20BE5008C73F4 /* Build configuration list for PBXProject "myImdbPetApp" */ = {
			isa = XCConfigurationList;
			buildConfigurations = (
				3E18A36F27F20BEA008C73F4 /* Debug */,
				3E18A37027F20BEA008C73F4 /* Release */,
			);
			defaultConfigurationIsVisible = 0;
			defaultConfigurationName = Release;
		};
		3E18A37127F20BEA008C73F4 /* Build configuration list for PBXNativeTarget "myImdbPetApp" */ = {
			isa = XCConfigurationList;
			buildConfigurations = (
				3E18A37227F20BEA008C73F4 /* Debug */,
				3E18A37327F20BEA008C73F4 /* Release */,
			);
			defaultConfigurationIsVisible = 0;
			defaultConfigurationName = Release;
		};
		3EDC026127FF2A95006145DA /* Build configuration list for PBXNativeTarget "myImdbPetAppTests" */ = {
			isa = XCConfigurationList;
			buildConfigurations = (
				3EDC025F27FF2A95006145DA /* Debug */,
				3EDC026027FF2A95006145DA /* Release */,
			);
			defaultConfigurationIsVisible = 0;
			defaultConfigurationName = Release;
		};
/* End XCConfigurationList section */

/* Begin XCRemoteSwiftPackageReference section */
		3E08292227FDFF1800B4D877 /* XCRemoteSwiftPackageReference "firebase-ios-sdk" */ = {
			isa = XCRemoteSwiftPackageReference;
			repositoryURL = "https://github.com/firebase/firebase-ios-sdk";
			requirement = {
				kind = exactVersion;
				version = 8.9.1;
			};
		};
		3E8B426D280D9EDF00BE6495 /* XCRemoteSwiftPackageReference "Kingfisher" */ = {
			isa = XCRemoteSwiftPackageReference;
			repositoryURL = "https://github.com/onevcat/Kingfisher";
			requirement = {
				kind = upToNextMajorVersion;
				minimumVersion = 7.0.0;
			};
		};
/* End XCRemoteSwiftPackageReference section */

/* Begin XCSwiftPackageProductDependency section */
		3E08292327FDFF1800B4D877 /* FirebaseAnalytics */ = {
			isa = XCSwiftPackageProductDependency;
			package = 3E08292227FDFF1800B4D877 /* XCRemoteSwiftPackageReference "firebase-ios-sdk" */;
			productName = FirebaseAnalytics;
		};
		3E08292527FDFF1800B4D877 /* FirebaseAuth */ = {
			isa = XCSwiftPackageProductDependency;
			package = 3E08292227FDFF1800B4D877 /* XCRemoteSwiftPackageReference "firebase-ios-sdk" */;
			productName = FirebaseAuth;
		};
		3E08292727FDFF1800B4D877 /* FirebaseDatabase */ = {
			isa = XCSwiftPackageProductDependency;
			package = 3E08292227FDFF1800B4D877 /* XCRemoteSwiftPackageReference "firebase-ios-sdk" */;
			productName = FirebaseDatabase;
		};
		3E08292927FDFF1800B4D877 /* FirebaseFirestore */ = {
			isa = XCSwiftPackageProductDependency;
			package = 3E08292227FDFF1800B4D877 /* XCRemoteSwiftPackageReference "firebase-ios-sdk" */;
			productName = FirebaseFirestore;
		};
		3E8B426E280D9EDF00BE6495 /* Kingfisher */ = {
			isa = XCSwiftPackageProductDependency;
			package = 3E8B426D280D9EDF00BE6495 /* XCRemoteSwiftPackageReference "Kingfisher" */;
			productName = Kingfisher;
		};
/* End XCSwiftPackageProductDependency section */

/* Begin XCVersionGroup section */
		3E18A36627F20BE5008C73F4 /* myImdbPetApp.xcdatamodeld */ = {
			isa = XCVersionGroup;
			children = (
				3E18A36727F20BE5008C73F4 /* myImdbPetApp.xcdatamodel */,
			);
			currentVersion = 3E18A36727F20BE5008C73F4 /* myImdbPetApp.xcdatamodel */;
			path = myImdbPetApp.xcdatamodeld;
			sourceTree = "<group>";
			versionGroupType = wrapper.xcdatamodel;
		};
/* End XCVersionGroup section */
	};
	rootObject = 3E18A35227F20BE5008C73F4 /* Project object */;
}
